
Microsoft Visual Studio Solution File, Format Version 12.00
# Visual Studio Version 17
VisualStudioVersion = 17.5.33502.453
MinimumVisualStudioVersion = 10.0.40219.1
Project("{9A19103F-16F7-4668-BE54-9A1E7A4F7556}") = "AuctusClassLibrary", "AuctusClassLibrary\AuctusClassLibrary.csproj", "{C5BE3AFF-BCA4-411C-9BB2-9E69DD6C3C82}"
EndProject
Project("{FAE04EC0-301F-11D3-BF4B-00C04F79EFBC}") = "AuctusClassLibraryTests", "AuctusClassLibraryTests\AuctusClassLibraryTests.csproj", "{15E456F5-332D-401D-9BF1-A85E3F5D7655}"
EndProject
Global
	GlobalSection(SolutionConfigurationPlatforms) = preSolution
		Debug|Any CPU = Debug|Any CPU
		Release|Any CPU = Release|Any CPU
	EndGlobalSection
	GlobalSection(ProjectConfigurationPlatforms) = postSolution
		{C5BE3AFF-BCA4-411C-9BB2-9E69DD6C3C82}.Debug|Any CPU.ActiveCfg = Debug|Any CPU
		{C5BE3AFF-BCA4-411C-9BB2-9E69DD6C3C82}.Debug|Any CPU.Build.0 = Debug|Any CPU
		{C5BE3AFF-BCA4-411C-9BB2-9E69DD6C3C82}.Release|Any CPU.ActiveCfg = Release|Any CPU
		{C5BE3AFF-BCA4-411C-9BB2-9E69DD6C3C82}.Release|Any CPU.Build.0 = Release|Any CPU
		{15E456F5-332D-401D-9BF1-A85E3F5D7655}.Debug|Any CPU.ActiveCfg = Debug|Any CPU
		{15E456F5-332D-401D-9BF1-A85E3F5D7655}.Debug|Any CPU.Build.0 = Debug|Any CPU
		{15E456F5-332D-401D-9BF1-A85E3F5D7655}.Release|Any CPU.ActiveCfg = Release|Any CPU
		{15E456F5-332D-401D-9BF1-A85E3F5D7655}.Release|Any CPU.Build.0 = Release|Any CPU
	EndGlobalSection
	GlobalSection(SolutionProperties) = preSolution
		HideSolutionNode = FALSE
	EndGlobalSection
	GlobalSection(ExtensibilityGlobals) = postSolution
		SolutionGuid = {82CDDD73-C8E1-481B-9751-2F5138DC9F44}
	EndGlobalSection
EndGlobal
